# THIS IS AN AUTOGENERATED FILE. DO NOT EDIT THIS FILE DIRECTLY.
# yarn lockfile v1


"@actions/core@^1.2.2":
  version "1.2.2"
  resolved "https://registry.yarnpkg.com/@actions/core/-/core-1.2.2.tgz#3c4848d50378f9e3bcb67bcf97813382ec7369ee"
  integrity sha512-IbCx7oefq+Gi6FWbSs2Fnw8VkEI6Y4gvjrYprY3RV//ksq/KPMlClOerJ4jRosyal6zkUIc8R9fS/cpRMlGClg==
